
Microsoft Visual Studio Solution File, Format Version 12.00
# Visual Studio Version 17
VisualStudioVersion = 17.0.31903.59
MinimumVisualStudioVersion = 10.0.40219.1
Project("{FAE04EC0-301F-11D3-BF4B-00C04F79EFBC}") = "Carsharing.Blazor", "Carsharing.Blazor\Carsharing.Blazor.csproj", "{CD89B7BC-6291-4E56-AAB0-21083A1DCD5E}"
EndProject
Project("{FAE04EC0-301F-11D3-BF4B-00C04F79EFBC}") = "Carsharing.Models", "Carsharing.Models\Carsharing.Models.csproj", "{DA4E5393-FA33-4836-912C-3C7BFDED15BD}"
EndProject
Project("{FAE04EC0-301F-11D3-BF4B-00C04F79EFBC}") = "Carsharing.Controllers", "Carsharing.Controllers\Carsharing.Controllers.csproj", "{A2C21D79-18E2-4EC6-98EA-4D6F022103D3}"
EndProject
Project("{FAE04EC0-301F-11D3-BF4B-00C04F79EFBC}") = "Carsharing.Data", "Carsharing.Data\Carsharing.Data.csproj", "{4367921F-07B6-4EC7-B6CC-35F76329F005}"
EndProject
Project("{FAE04EC0-301F-11D3-BF4B-00C04F79EFBC}") = "Carsharing.Services", "Carsharing.Services\Carsharing.Services.csproj", "{F58AD8E9-EFCC-4BF2-9740-AB188379CBD5}"
EndProject
Project("{FAE04EC0-301F-11D3-BF4B-00C04F79EFBC}") = "Carsharing.Tests", "Carsharing.Tests\Carsharing.Tests.csproj", "{387C9F15-0661-495E-AACC-C134709D6BDC}"
EndProject
Global
	GlobalSection(SolutionConfigurationPlatforms) = preSolution
		Debug|Any CPU = Debug|Any CPU
		Debug|x64 = Debug|x64
		Debug|x86 = Debug|x86
		Release|Any CPU = Release|Any CPU
		Release|x64 = Release|x64
		Release|x86 = Release|x86
	EndGlobalSection
	GlobalSection(ProjectConfigurationPlatforms) = postSolution
		{CD89B7BC-6291-4E56-AAB0-21083A1DCD5E}.Debug|Any CPU.ActiveCfg = Debug|Any CPU
		{CD89B7BC-6291-4E56-AAB0-21083A1DCD5E}.Debug|Any CPU.Build.0 = Debug|Any CPU
		{CD89B7BC-6291-4E56-AAB0-21083A1DCD5E}.Debug|x64.ActiveCfg = Debug|Any CPU
		{CD89B7BC-6291-4E56-AAB0-21083A1DCD5E}.Debug|x64.Build.0 = Debug|Any CPU
		{CD89B7BC-6291-4E56-AAB0-21083A1DCD5E}.Debug|x86.ActiveCfg = Debug|Any CPU
		{CD89B7BC-6291-4E56-AAB0-21083A1DCD5E}.Debug|x86.Build.0 = Debug|Any CPU
		{CD89B7BC-6291-4E56-AAB0-21083A1DCD5E}.Release|Any CPU.ActiveCfg = Release|Any CPU
		{CD89B7BC-6291-4E56-AAB0-21083A1DCD5E}.Release|Any CPU.Build.0 = Release|Any CPU
		{CD89B7BC-6291-4E56-AAB0-21083A1DCD5E}.Release|x64.ActiveCfg = Release|Any CPU
		{CD89B7BC-6291-4E56-AAB0-21083A1DCD5E}.Release|x64.Build.0 = Release|Any CPU
		{CD89B7BC-6291-4E56-AAB0-21083A1DCD5E}.Release|x86.ActiveCfg = Release|Any CPU
		{CD89B7BC-6291-4E56-AAB0-21083A1DCD5E}.Release|x86.Build.0 = Release|Any CPU
		{DA4E5393-FA33-4836-912C-3C7BFDED15BD}.Debug|Any CPU.ActiveCfg = Debug|Any CPU
		{DA4E5393-FA33-4836-912C-3C7BFDED15BD}.Debug|Any CPU.Build.0 = Debug|Any CPU
		{DA4E5393-FA33-4836-912C-3C7BFDED15BD}.Debug|x64.ActiveCfg = Debug|Any CPU
		{DA4E5393-FA33-4836-912C-3C7BFDED15BD}.Debug|x64.Build.0 = Debug|Any CPU
		{DA4E5393-FA33-4836-912C-3C7BFDED15BD}.Debug|x86.ActiveCfg = Debug|Any CPU
		{DA4E5393-FA33-4836-912C-3C7BFDED15BD}.Debug|x86.Build.0 = Debug|Any CPU
		{DA4E5393-FA33-4836-912C-3C7BFDED15BD}.Release|Any CPU.ActiveCfg = Release|Any CPU
		{DA4E5393-FA33-4836-912C-3C7BFDED15BD}.Release|Any CPU.Build.0 = Release|Any CPU
		{DA4E5393-FA33-4836-912C-3C7BFDED15BD}.Release|x64.ActiveCfg = Release|Any CPU
		{DA4E5393-FA33-4836-912C-3C7BFDED15BD}.Release|x64.Build.0 = Release|Any CPU
		{DA4E5393-FA33-4836-912C-3C7BFDED15BD}.Release|x86.ActiveCfg = Release|Any CPU
		{DA4E5393-FA33-4836-912C-3C7BFDED15BD}.Release|x86.Build.0 = Release|Any CPU
		{A2C21D79-18E2-4EC6-98EA-4D6F022103D3}.Debug|Any CPU.ActiveCfg = Debug|Any CPU
		{A2C21D79-18E2-4EC6-98EA-4D6F022103D3}.Debug|Any CPU.Build.0 = Debug|Any CPU
		{A2C21D79-18E2-4EC6-98EA-4D6F022103D3}.Debug|x64.ActiveCfg = Debug|Any CPU
		{A2C21D79-18E2-4EC6-98EA-4D6F022103D3}.Debug|x64.Build.0 = Debug|Any CPU
		{A2C21D79-18E2-4EC6-98EA-4D6F022103D3}.Debug|x86.ActiveCfg = Debug|Any CPU
		{A2C21D79-18E2-4EC6-98EA-4D6F022103D3}.Debug|x86.Build.0 = Debug|Any CPU
		{A2C21D79-18E2-4EC6-98EA-4D6F022103D3}.Release|Any CPU.ActiveCfg = Release|Any CPU
		{A2C21D79-18E2-4EC6-98EA-4D6F022103D3}.Release|Any CPU.Build.0 = Release|Any CPU
		{A2C21D79-18E2-4EC6-98EA-4D6F022103D3}.Release|x64.ActiveCfg = Release|Any CPU
		{A2C21D79-18E2-4EC6-98EA-4D6F022103D3}.Release|x64.Build.0 = Release|Any CPU
		{A2C21D79-18E2-4EC6-98EA-4D6F022103D3}.Release|x86.ActiveCfg = Release|Any CPU
		{A2C21D79-18E2-4EC6-98EA-4D6F022103D3}.Release|x86.Build.0 = Release|Any CPU
		{4367921F-07B6-4EC7-B6CC-35F76329F005}.Debug|Any CPU.ActiveCfg = Debug|Any CPU
		{4367921F-07B6-4EC7-B6CC-35F76329F005}.Debug|Any CPU.Build.0 = Debug|Any CPU
		{4367921F-07B6-4EC7-B6CC-35F76329F005}.Debug|x64.ActiveCfg = Debug|Any CPU
		{4367921F-07B6-4EC7-B6CC-35F76329F005}.Debug|x64.Build.0 = Debug|Any CPU
		{4367921F-07B6-4EC7-B6CC-35F76329F005}.Debug|x86.ActiveCfg = Debug|Any CPU
		{4367921F-07B6-4EC7-B6CC-35F76329F005}.Debug|x86.Build.0 = Debug|Any CPU
		{4367921F-07B6-4EC7-B6CC-35F76329F005}.Release|Any CPU.ActiveCfg = Release|Any CPU
		{4367921F-07B6-4EC7-B6CC-35F76329F005}.Release|Any CPU.Build.0 = Release|Any CPU
		{4367921F-07B6-4EC7-B6CC-35F76329F005}.Release|x64.ActiveCfg = Release|Any CPU
		{4367921F-07B6-4EC7-B6CC-35F76329F005}.Release|x64.Build.0 = Release|Any CPU
		{4367921F-07B6-4EC7-B6CC-35F76329F005}.Release|x86.ActiveCfg = Release|Any CPU
		{4367921F-07B6-4EC7-B6CC-35F76329F005}.Release|x86.Build.0 = Release|Any CPU
		{F58AD8E9-EFCC-4BF2-9740-AB188379CBD5}.Debug|Any CPU.ActiveCfg = Debug|Any CPU
		{F58AD8E9-EFCC-4BF2-9740-AB188379CBD5}.Debug|Any CPU.Build.0 = Debug|Any CPU
		{F58AD8E9-EFCC-4BF2-9740-AB188379CBD5}.Debug|x64.ActiveCfg = Debug|Any CPU
		{F58AD8E9-EFCC-4BF2-9740-AB188379CBD5}.Debug|x64.Build.0 = Debug|Any CPU
		{F58AD8E9-EFCC-4BF2-9740-AB188379CBD5}.Debug|x86.ActiveCfg = Debug|Any CPU
		{F58AD8E9-EFCC-4BF2-9740-AB188379CBD5}.Debug|x86.Build.0 = Debug|Any CPU
		{F58AD8E9-EFCC-4BF2-9740-AB188379CBD5}.Release|Any CPU.ActiveCfg = Release|Any CPU
		{F58AD8E9-EFCC-4BF2-9740-AB188379CBD5}.Release|Any CPU.Build.0 = Release|Any CPU
		{F58AD8E9-EFCC-4BF2-9740-AB188379CBD5}.Release|x64.ActiveCfg = Release|Any CPU
		{F58AD8E9-EFCC-4BF2-9740-AB188379CBD5}.Release|x64.Build.0 = Release|Any CPU
		{F58AD8E9-EFCC-4BF2-9740-AB188379CBD5}.Release|x86.ActiveCfg = Release|Any CPU
		{F58AD8E9-EFCC-4BF2-9740-AB188379CBD5}.Release|x86.Build.0 = Release|Any CPU
		{387C9F15-0661-495E-AACC-C134709D6BDC}.Debug|Any CPU.ActiveCfg = Debug|Any CPU
		{387C9F15-0661-495E-AACC-C134709D6BDC}.Debug|Any CPU.Build.0 = Debug|Any CPU
		{387C9F15-0661-495E-AACC-C134709D6BDC}.Debug|x64.ActiveCfg = Debug|Any CPU
		{387C9F15-0661-495E-AACC-C134709D6BDC}.Debug|x64.Build.0 = Debug|Any CPU
		{387C9F15-0661-495E-AACC-C134709D6BDC}.Debug|x86.ActiveCfg = Debug|Any CPU
		{387C9F15-0661-495E-AACC-C134709D6BDC}.Debug|x86.Build.0 = Debug|Any CPU
		{387C9F15-0661-495E-AACC-C134709D6BDC}.Release|Any CPU.ActiveCfg = Release|Any CPU
		{387C9F15-0661-495E-AACC-C134709D6BDC}.Release|Any CPU.Build.0 = Release|Any CPU
		{387C9F15-0661-495E-AACC-C134709D6BDC}.Release|x64.ActiveCfg = Release|Any CPU
		{387C9F15-0661-495E-AACC-C134709D6BDC}.Release|x64.Build.0 = Release|Any CPU
		{387C9F15-0661-495E-AACC-C134709D6BDC}.Release|x86.ActiveCfg = Release|Any CPU
		{387C9F15-0661-495E-AACC-C134709D6BDC}.Release|x86.Build.0 = Release|Any CPU
	EndGlobalSection
	GlobalSection(SolutionProperties) = preSolution
		HideSolutionNode = FALSE
	EndGlobalSection
EndGlobal
