
Microsoft Visual Studio Solution File, Format Version 12.00
# Visual Studio Version 17
VisualStudioVersion = 17.0.31903.59
MinimumVisualStudioVersion = 10.0.40219.1
Project("{FAE04EC0-301F-11D3-BF4B-00C04F79EFBC}") = "Model", "Model\Model.csproj", "{2B5AD049-46FC-406C-868D-E5356FD4137E}"
EndProject
Project("{FAE04EC0-301F-11D3-BF4B-00C04F79EFBC}") = "Domain", "Domain\Domain.csproj", "{B0DA465D-BE92-4A39-AB87-0F1A76708BC7}"
EndProject
Project("{FAE04EC0-301F-11D3-BF4B-00C04F79EFBC}") = "RestApi", "RestApi\RestApi.csproj", "{BA77541C-FF58-4211-A8B9-84E61EAD01EF}"
EndProject
Project("{FAE04EC0-301F-11D3-BF4B-00C04F79EFBC}") = "WebGUI", "WebGUI\WebGUI.csproj", "{CEF1BCB7-C397-4BFF-9C41-DAEB9BDD2326}"
EndProject
Project("{FAE04EC0-301F-11D3-BF4B-00C04F79EFBC}") = "Domain.Tests", "Domain.Tests\Domain.Tests.csproj", "{3375B291-60B3-4B58-8916-CDDF7DB12C69}"
EndProject
Global
	GlobalSection(SolutionConfigurationPlatforms) = preSolution
		Debug|Any CPU = Debug|Any CPU
		Debug|x64 = Debug|x64
		Debug|x86 = Debug|x86
		Release|Any CPU = Release|Any CPU
		Release|x64 = Release|x64
		Release|x86 = Release|x86
	EndGlobalSection
	GlobalSection(ProjectConfigurationPlatforms) = postSolution
		{2B5AD049-46FC-406C-868D-E5356FD4137E}.Debug|Any CPU.ActiveCfg = Debug|Any CPU
		{2B5AD049-46FC-406C-868D-E5356FD4137E}.Debug|Any CPU.Build.0 = Debug|Any CPU
		{2B5AD049-46FC-406C-868D-E5356FD4137E}.Debug|x64.ActiveCfg = Debug|Any CPU
		{2B5AD049-46FC-406C-868D-E5356FD4137E}.Debug|x64.Build.0 = Debug|Any CPU
		{2B5AD049-46FC-406C-868D-E5356FD4137E}.Debug|x86.ActiveCfg = Debug|Any CPU
		{2B5AD049-46FC-406C-868D-E5356FD4137E}.Debug|x86.Build.0 = Debug|Any CPU
		{2B5AD049-46FC-406C-868D-E5356FD4137E}.Release|Any CPU.ActiveCfg = Release|Any CPU
		{2B5AD049-46FC-406C-868D-E5356FD4137E}.Release|Any CPU.Build.0 = Release|Any CPU
		{2B5AD049-46FC-406C-868D-E5356FD4137E}.Release|x64.ActiveCfg = Release|Any CPU
		{2B5AD049-46FC-406C-868D-E5356FD4137E}.Release|x64.Build.0 = Release|Any CPU
		{2B5AD049-46FC-406C-868D-E5356FD4137E}.Release|x86.ActiveCfg = Release|Any CPU
		{2B5AD049-46FC-406C-868D-E5356FD4137E}.Release|x86.Build.0 = Release|Any CPU
		{B0DA465D-BE92-4A39-AB87-0F1A76708BC7}.Debug|Any CPU.ActiveCfg = Debug|Any CPU
		{B0DA465D-BE92-4A39-AB87-0F1A76708BC7}.Debug|Any CPU.Build.0 = Debug|Any CPU
		{B0DA465D-BE92-4A39-AB87-0F1A76708BC7}.Debug|x64.ActiveCfg = Debug|Any CPU
		{B0DA465D-BE92-4A39-AB87-0F1A76708BC7}.Debug|x64.Build.0 = Debug|Any CPU
		{B0DA465D-BE92-4A39-AB87-0F1A76708BC7}.Debug|x86.ActiveCfg = Debug|Any CPU
		{B0DA465D-BE92-4A39-AB87-0F1A76708BC7}.Debug|x86.Build.0 = Debug|Any CPU
		{B0DA465D-BE92-4A39-AB87-0F1A76708BC7}.Release|Any CPU.ActiveCfg = Release|Any CPU
		{B0DA465D-BE92-4A39-AB87-0F1A76708BC7}.Release|Any CPU.Build.0 = Release|Any CPU
		{B0DA465D-BE92-4A39-AB87-0F1A76708BC7}.Release|x64.ActiveCfg = Release|Any CPU
		{B0DA465D-BE92-4A39-AB87-0F1A76708BC7}.Release|x64.Build.0 = Release|Any CPU
		{B0DA465D-BE92-4A39-AB87-0F1A76708BC7}.Release|x86.ActiveCfg = Release|Any CPU
		{B0DA465D-BE92-4A39-AB87-0F1A76708BC7}.Release|x86.Build.0 = Release|Any CPU
		{BA77541C-FF58-4211-A8B9-84E61EAD01EF}.Debug|Any CPU.ActiveCfg = Debug|Any CPU
		{BA77541C-FF58-4211-A8B9-84E61EAD01EF}.Debug|Any CPU.Build.0 = Debug|Any CPU
		{BA77541C-FF58-4211-A8B9-84E61EAD01EF}.Debug|x64.ActiveCfg = Debug|Any CPU
		{BA77541C-FF58-4211-A8B9-84E61EAD01EF}.Debug|x64.Build.0 = Debug|Any CPU
		{BA77541C-FF58-4211-A8B9-84E61EAD01EF}.Debug|x86.ActiveCfg = Debug|Any CPU
		{BA77541C-FF58-4211-A8B9-84E61EAD01EF}.Debug|x86.Build.0 = Debug|Any CPU
		{BA77541C-FF58-4211-A8B9-84E61EAD01EF}.Release|Any CPU.ActiveCfg = Release|Any CPU
		{BA77541C-FF58-4211-A8B9-84E61EAD01EF}.Release|Any CPU.Build.0 = Release|Any CPU
		{BA77541C-FF58-4211-A8B9-84E61EAD01EF}.Release|x64.ActiveCfg = Release|Any CPU
		{BA77541C-FF58-4211-A8B9-84E61EAD01EF}.Release|x64.Build.0 = Release|Any CPU
		{BA77541C-FF58-4211-A8B9-84E61EAD01EF}.Release|x86.ActiveCfg = Release|Any CPU
		{BA77541C-FF58-4211-A8B9-84E61EAD01EF}.Release|x86.Build.0 = Release|Any CPU
		{CEF1BCB7-C397-4BFF-9C41-DAEB9BDD2326}.Debug|Any CPU.ActiveCfg = Debug|Any CPU
		{CEF1BCB7-C397-4BFF-9C41-DAEB9BDD2326}.Debug|Any CPU.Build.0 = Debug|Any CPU
		{CEF1BCB7-C397-4BFF-9C41-DAEB9BDD2326}.Debug|x64.ActiveCfg = Debug|Any CPU
		{CEF1BCB7-C397-4BFF-9C41-DAEB9BDD2326}.Debug|x64.Build.0 = Debug|Any CPU
		{CEF1BCB7-C397-4BFF-9C41-DAEB9BDD2326}.Debug|x86.ActiveCfg = Debug|Any CPU
		{CEF1BCB7-C397-4BFF-9C41-DAEB9BDD2326}.Debug|x86.Build.0 = Debug|Any CPU
		{CEF1BCB7-C397-4BFF-9C41-DAEB9BDD2326}.Release|Any CPU.ActiveCfg = Release|Any CPU
		{CEF1BCB7-C397-4BFF-9C41-DAEB9BDD2326}.Release|Any CPU.Build.0 = Release|Any CPU
		{CEF1BCB7-C397-4BFF-9C41-DAEB9BDD2326}.Release|x64.ActiveCfg = Release|Any CPU
		{CEF1BCB7-C397-4BFF-9C41-DAEB9BDD2326}.Release|x64.Build.0 = Release|Any CPU
		{CEF1BCB7-C397-4BFF-9C41-DAEB9BDD2326}.Release|x86.ActiveCfg = Release|Any CPU
		{CEF1BCB7-C397-4BFF-9C41-DAEB9BDD2326}.Release|x86.Build.0 = Release|Any CPU
		{3375B291-60B3-4B58-8916-CDDF7DB12C69}.Debug|Any CPU.ActiveCfg = Debug|Any CPU
		{3375B291-60B3-4B58-8916-CDDF7DB12C69}.Debug|Any CPU.Build.0 = Debug|Any CPU
		{3375B291-60B3-4B58-8916-CDDF7DB12C69}.Debug|x64.ActiveCfg = Debug|Any CPU
		{3375B291-60B3-4B58-8916-CDDF7DB12C69}.Debug|x64.Build.0 = Debug|Any CPU
		{3375B291-60B3-4B58-8916-CDDF7DB12C69}.Debug|x86.ActiveCfg = Debug|Any CPU
		{3375B291-60B3-4B58-8916-CDDF7DB12C69}.Debug|x86.Build.0 = Debug|Any CPU
		{3375B291-60B3-4B58-8916-CDDF7DB12C69}.Release|Any CPU.ActiveCfg = Release|Any CPU
		{3375B291-60B3-4B58-8916-CDDF7DB12C69}.Release|Any CPU.Build.0 = Release|Any CPU
		{3375B291-60B3-4B58-8916-CDDF7DB12C69}.Release|x64.ActiveCfg = Release|Any CPU
		{3375B291-60B3-4B58-8916-CDDF7DB12C69}.Release|x64.Build.0 = Release|Any CPU
		{3375B291-60B3-4B58-8916-CDDF7DB12C69}.Release|x86.ActiveCfg = Release|Any CPU
		{3375B291-60B3-4B58-8916-CDDF7DB12C69}.Release|x86.Build.0 = Release|Any CPU
	EndGlobalSection
	GlobalSection(SolutionProperties) = preSolution
		HideSolutionNode = FALSE
	EndGlobalSection
EndGlobal
